
Microsoft Visual Studio Solution File, Format Version 12.00
# Visual Studio Version 17
VisualStudioVersion = 17.2.32630.192
MinimumVisualStudioVersion = 10.0.40219.1
Project("{9A19103F-16F7-4668-BE54-9A1E7A4F7556}") = "BMW", "BMW\BMW.csproj", "{33F18716-4652-4EFD-84D4-6E8F113197DB}"
EndProject
Project("{9A19103F-16F7-4668-BE54-9A1E7A4F7556}") = "BMW.Domain", "BMW.Domain\BMW.Domain.csproj", "{B22F586B-0B8E-43DD-8478-2593DB0845C6}"
EndProject
Project("{2150E333-8FDC-42A3-9474-1A3956D46DE8}") = "Domain", "Domain", "{A58C58BC-4AF1-4660-A971-844EC62B9D2E}"
EndProject
Project("{2150E333-8FDC-42A3-9474-1A3956D46DE8}") = "Dal", "Dal", "{35536F12-F272-439B-9666-629A392122B6}"
EndProject
Project("{FAE04EC0-301F-11D3-BF4B-00C04F79EFBC}") = "BMW.Dal", "BMW.Dal\BMW.Dal.csproj", "{0682848F-AECC-47A5-B916-CE1461EC6CB0}"
EndProject
Project("{2150E333-8FDC-42A3-9474-1A3956D46DE8}") = "Servise", "Servise", "{3EFFD21E-B1AB-4EEC-9A66-27F4573C42A5}"
EndProject
Project("{FAE04EC0-301F-11D3-BF4B-00C04F79EFBC}") = "BMW.Servise", "BMW.Servise\BMW.Servise.csproj", "{7ECFC35D-6B73-4E04-8E5A-A1D1852B3534}"
EndProject
Global
	GlobalSection(SolutionConfigurationPlatforms) = preSolution
		Debug|Any CPU = Debug|Any CPU
		Release|Any CPU = Release|Any CPU
	EndGlobalSection
	GlobalSection(ProjectConfigurationPlatforms) = postSolution
		{33F18716-4652-4EFD-84D4-6E8F113197DB}.Debug|Any CPU.ActiveCfg = Debug|Any CPU
		{33F18716-4652-4EFD-84D4-6E8F113197DB}.Debug|Any CPU.Build.0 = Debug|Any CPU
		{33F18716-4652-4EFD-84D4-6E8F113197DB}.Release|Any CPU.ActiveCfg = Release|Any CPU
		{33F18716-4652-4EFD-84D4-6E8F113197DB}.Release|Any CPU.Build.0 = Release|Any CPU
		{B22F586B-0B8E-43DD-8478-2593DB0845C6}.Debug|Any CPU.ActiveCfg = Debug|Any CPU
		{B22F586B-0B8E-43DD-8478-2593DB0845C6}.Debug|Any CPU.Build.0 = Debug|Any CPU
		{B22F586B-0B8E-43DD-8478-2593DB0845C6}.Release|Any CPU.ActiveCfg = Release|Any CPU
		{B22F586B-0B8E-43DD-8478-2593DB0845C6}.Release|Any CPU.Build.0 = Release|Any CPU
		{0682848F-AECC-47A5-B916-CE1461EC6CB0}.Debug|Any CPU.ActiveCfg = Debug|Any CPU
		{0682848F-AECC-47A5-B916-CE1461EC6CB0}.Debug|Any CPU.Build.0 = Debug|Any CPU
		{0682848F-AECC-47A5-B916-CE1461EC6CB0}.Release|Any CPU.ActiveCfg = Release|Any CPU
		{0682848F-AECC-47A5-B916-CE1461EC6CB0}.Release|Any CPU.Build.0 = Release|Any CPU
		{7ECFC35D-6B73-4E04-8E5A-A1D1852B3534}.Debug|Any CPU.ActiveCfg = Debug|Any CPU
		{7ECFC35D-6B73-4E04-8E5A-A1D1852B3534}.Debug|Any CPU.Build.0 = Debug|Any CPU
		{7ECFC35D-6B73-4E04-8E5A-A1D1852B3534}.Release|Any CPU.ActiveCfg = Release|Any CPU
		{7ECFC35D-6B73-4E04-8E5A-A1D1852B3534}.Release|Any CPU.Build.0 = Release|Any CPU
	EndGlobalSection
	GlobalSection(SolutionProperties) = preSolution
		HideSolutionNode = FALSE
	EndGlobalSection
	GlobalSection(NestedProjects) = preSolution
		{B22F586B-0B8E-43DD-8478-2593DB0845C6} = {A58C58BC-4AF1-4660-A971-844EC62B9D2E}
		{0682848F-AECC-47A5-B916-CE1461EC6CB0} = {35536F12-F272-439B-9666-629A392122B6}
		{7ECFC35D-6B73-4E04-8E5A-A1D1852B3534} = {3EFFD21E-B1AB-4EEC-9A66-27F4573C42A5}
	EndGlobalSection
	GlobalSection(ExtensibilityGlobals) = postSolution
		SolutionGuid = {E7F255B4-1F98-4832-83CE-D299C029A6F2}
	EndGlobalSection
EndGlobal
